// !$*UTF8*$!
{
	archiveVersion = 1;
	classes = {
	};
	objectVersion = 50;
	objects = {

/* Begin PBXBuildFile section */
		5527B19A21ECE06300CF1881 /* pancake.jpg in Resources */ = {isa = PBXBuildFile; fileRef = 5527B19921ECE06300CF1881 /* pancake.jpg */; };
		5527B19C21ECE1B100CF1881 /* GPS.swift in Sources */ = {isa = PBXBuildFile; fileRef = 5527B19B21ECE1B100CF1881 /* GPS.swift */; };
		5540AABA21E1C6E000A1A533 /* AppDelegate.swift in Sources */ = {isa = PBXBuildFile; fileRef = 5540AAB921E1C6E000A1A533 /* AppDelegate.swift */; };
		5540AABC21E1C6E000A1A533 /* ViewController.swift in Sources */ = {isa = PBXBuildFile; fileRef = 5540AABB21E1C6E000A1A533 /* ViewController.swift */; };
		5540AABF21E1C6E000A1A533 /* Main.storyboard in Resources */ = {isa = PBXBuildFile; fileRef = 5540AABD21E1C6E000A1A533 /* Main.storyboard */; };
		5540AAC121E1C6E400A1A533 /* Assets.xcassets in Resources */ = {isa = PBXBuildFile; fileRef = 5540AAC021E1C6E400A1A533 /* Assets.xcassets */; };
		5540AAC421E1C6E400A1A533 /* LaunchScreen.storyboard in Resources */ = {isa = PBXBuildFile; fileRef = 5540AAC221E1C6E400A1A533 /* LaunchScreen.storyboard */; };
		5540AACF21E1C6E400A1A533 /* MediaMetadataTests.swift in Sources */ = {isa = PBXBuildFile; fileRef = 5540AACE21E1C6E400A1A533 /* MediaMetadataTests.swift */; };
		5540AADA21E1C6E400A1A533 /* MediaMetadataUITests.swift in Sources */ = {isa = PBXBuildFile; fileRef = 5540AAD921E1C6E400A1A533 /* MediaMetadataUITests.swift */; };
		5540AB4D21ECBFDC00A1A533 /* MediaMetadataSDK.framework in Frameworks */ = {isa = PBXBuildFile; fileRef = 5540AB4421ECBFDC00A1A533 /* MediaMetadataSDK.framework */; };
		5540AB5421ECBFDC00A1A533 /* MediaMetadataSDKTests.swift in Sources */ = {isa = PBXBuildFile; fileRef = 5540AB5321ECBFDC00A1A533 /* MediaMetadataSDKTests.swift */; };
		5540AB5621ECBFDC00A1A533 /* MediaMetadataSDK.h in Headers */ = {isa = PBXBuildFile; fileRef = 5540AB4621ECBFDC00A1A533 /* MediaMetadataSDK.h */; settings = {ATTRIBUTES = (Public, ); }; };
		5540AB5921ECBFDC00A1A533 /* MediaMetadataSDK.framework in Frameworks */ = {isa = PBXBuildFile; fileRef = 5540AB4421ECBFDC00A1A533 /* MediaMetadataSDK.framework */; };
		5540AB5A21ECBFDC00A1A533 /* MediaMetadataSDK.framework in Embed Frameworks */ = {isa = PBXBuildFile; fileRef = 5540AB4421ECBFDC00A1A533 /* MediaMetadataSDK.framework */; settings = {ATTRIBUTES = (CodeSignOnCopy, RemoveHeadersOnCopy, ); }; };
		5540AB7421ECC02B00A1A533 /* MediaType.swift in Sources */ = {isa = PBXBuildFile; fileRef = 5540AB6321ECC02A00A1A533 /* MediaType.swift */; };
		5540AB7521ECC02B00A1A533 /* Photo.swift in Sources */ = {isa = PBXBuildFile; fileRef = 5540AB6421ECC02A00A1A533 /* Photo.swift */; };
		5540AB7621ECC02B00A1A533 /* Media.swift in Sources */ = {isa = PBXBuildFile; fileRef = 5540AB6521ECC02A00A1A533 /* Media.swift */; };
		5540AB7721ECC02B00A1A533 /* Audio.swift in Sources */ = {isa = PBXBuildFile; fileRef = 5540AB6621ECC02A00A1A533 /* Audio.swift */; };
		5540AB7821ECC02B00A1A533 /* Video.swift in Sources */ = {isa = PBXBuildFile; fileRef = 5540AB6721ECC02A00A1A533 /* Video.swift */; };
		5540AB7921ECC02B00A1A533 /* MediaLibrary.swift in Sources */ = {isa = PBXBuildFile; fileRef = 5540AB6821ECC02A00A1A533 /* MediaLibrary.swift */; };
		5540AB7A21ECC02B00A1A533 /* MediaLibraryManager.swift in Sources */ = {isa = PBXBuildFile; fileRef = 5540AB6921ECC02A00A1A533 /* MediaLibraryManager.swift */; };
		5540AB7B21ECC02B00A1A533 /* MetadataKey.swift in Sources */ = {isa = PBXBuildFile; fileRef = 5540AB6A21ECC02A00A1A533 /* MetadataKey.swift */; };
		5540AB7C21ECC02B00A1A533 /* MediaMetadataError.swift in Sources */ = {isa = PBXBuildFile; fileRef = 5540AB6C21ECC02A00A1A533 /* MediaMetadataError.swift */; };
		5540AB7D21ECC02B00A1A533 /* Metadata.swift in Sources */ = {isa = PBXBuildFile; fileRef = 5540AB6E21ECC02A00A1A533 /* Metadata.swift */; };
		5540AB7E21ECC02B00A1A533 /* EXIF.swift in Sources */ = {isa = PBXBuildFile; fileRef = 5540AB7021ECC02A00A1A533 /* EXIF.swift */; };
		5540AB7F21ECC02B00A1A533 /* IPTC.swift in Sources */ = {isa = PBXBuildFile; fileRef = 5540AB7121ECC02A00A1A533 /* IPTC.swift */; };
		5540AB8021ECC02B00A1A533 /* TIFF.swift in Sources */ = {isa = PBXBuildFile; fileRef = 5540AB7221ECC02A00A1A533 /* TIFF.swift */; };
		5540AB8121ECC02B00A1A533 /* JFIF.swift in Sources */ = {isa = PBXBuildFile; fileRef = 5540AB7321ECC02A00A1A533 /* JFIF.swift */; };
		5540AB8521ECC07700A1A533 /* XCTestcase+Extension.swift in Sources */ = {isa = PBXBuildFile; fileRef = 5540AB8221ECC07600A1A533 /* XCTestcase+Extension.swift */; };
		5540AB8621ECC07700A1A533 /* PhotoTests.swift in Sources */ = {isa = PBXBuildFile; fileRef = 5540AB8321ECC07700A1A533 /* PhotoTests.swift */; };
		5540AB8721ECC07700A1A533 /* meshi.jpg in Resources */ = {isa = PBXBuildFile; fileRef = 5540AB8421ECC07700A1A533 /* meshi.jpg */; };
		55E37EA221EEC1EF00A48AC7 /* PhotoColorModel.swift in Sources */ = {isa = PBXBuildFile; fileRef = 55E37EA121EEC1EF00A48AC7 /* PhotoColorModel.swift */; };
		55E37EA421EEC23900A48AC7 /* PhotoOrientation.swift in Sources */ = {isa = PBXBuildFile; fileRef = 55E37EA321EEC23900A48AC7 /* PhotoOrientation.swift */; };
		55E37EA621EEC26700A48AC7 /* PhotoPixelWidth.swift in Sources */ = {isa = PBXBuildFile; fileRef = 55E37EA521EEC26700A48AC7 /* PhotoPixelWidth.swift */; };
		55E37EA821EEC28900A48AC7 /* PhotoPixelHeight.swift in Sources */ = {isa = PBXBuildFile; fileRef = 55E37EA721EEC28900A48AC7 /* PhotoPixelHeight.swift */; };
		55E37EAA21EEC2C000A48AC7 /* PhotoDepth.swift in Sources */ = {isa = PBXBuildFile; fileRef = 55E37EA921EEC2C000A48AC7 /* PhotoDepth.swift */; };
		55E37EAC21EEC2DD00A48AC7 /* PhotoProfileName.swift in Sources */ = {isa = PBXBuildFile; fileRef = 55E37EAB21EEC2DD00A48AC7 /* PhotoProfileName.swift */; };
		55E37EAE21EEC2F600A48AC7 /* PhotoDpiWidth.swift in Sources */ = {isa = PBXBuildFile; fileRef = 55E37EAD21EEC2F600A48AC7 /* PhotoDpiWidth.swift */; };
		55E37EB021EEC30E00A48AC7 /* PhotoPrimaryImage.swift in Sources */ = {isa = PBXBuildFile; fileRef = 55E37EAF21EEC30E00A48AC7 /* PhotoPrimaryImage.swift */; };
/* End PBXBuildFile section */

/* Begin PBXContainerItemProxy section */
		5540AACB21E1C6E400A1A533 /* PBXContainerItemProxy */ = {
			isa = PBXContainerItemProxy;
			containerPortal = 5540AAAE21E1C6E000A1A533 /* Project object */;
			proxyType = 1;
			remoteGlobalIDString = 5540AAB521E1C6E000A1A533;
			remoteInfo = MediaMetadata;
		};
		5540AAD621E1C6E400A1A533 /* PBXContainerItemProxy */ = {
			isa = PBXContainerItemProxy;
			containerPortal = 5540AAAE21E1C6E000A1A533 /* Project object */;
			proxyType = 1;
			remoteGlobalIDString = 5540AAB521E1C6E000A1A533;
			remoteInfo = MediaMetadata;
		};
		5540AB4E21ECBFDC00A1A533 /* PBXContainerItemProxy */ = {
			isa = PBXContainerItemProxy;
			containerPortal = 5540AAAE21E1C6E000A1A533 /* Project object */;
			proxyType = 1;
			remoteGlobalIDString = 5540AB4321ECBFDC00A1A533;
			remoteInfo = MediaMetadataSDK;
		};
		5540AB5021ECBFDC00A1A533 /* PBXContainerItemProxy */ = {
			isa = PBXContainerItemProxy;
			containerPortal = 5540AAAE21E1C6E000A1A533 /* Project object */;
			proxyType = 1;
			remoteGlobalIDString = 5540AAB521E1C6E000A1A533;
			remoteInfo = MediaMetadata;
		};
		5540AB5721ECBFDC00A1A533 /* PBXContainerItemProxy */ = {
			isa = PBXContainerItemProxy;
			containerPortal = 5540AAAE21E1C6E000A1A533 /* Project object */;
			proxyType = 1;
			remoteGlobalIDString = 5540AB4321ECBFDC00A1A533;
			remoteInfo = MediaMetadataSDK;
		};
/* End PBXContainerItemProxy section */

/* Begin PBXCopyFilesBuildPhase section */
		5540AB5E21ECBFDC00A1A533 /* Embed Frameworks */ = {
			isa = PBXCopyFilesBuildPhase;
			buildActionMask = 2147483647;
			dstPath = "";
			dstSubfolderSpec = 10;
			files = (
				5540AB5A21ECBFDC00A1A533 /* MediaMetadataSDK.framework in Embed Frameworks */,
			);
			name = "Embed Frameworks";
			runOnlyForDeploymentPostprocessing = 0;
		};
/* End PBXCopyFilesBuildPhase section */

/* Begin PBXFileReference section */
		5527B19921ECE06300CF1881 /* pancake.jpg */ = {isa = PBXFileReference; lastKnownFileType = image.jpeg; path = pancake.jpg; sourceTree = "<group>"; };
		5527B19B21ECE1B100CF1881 /* GPS.swift */ = {isa = PBXFileReference; lastKnownFileType = sourcecode.swift; path = GPS.swift; sourceTree = "<group>"; };
		5540AAB621E1C6E000A1A533 /* MediaMetadata.app */ = {isa = PBXFileReference; explicitFileType = wrapper.application; includeInIndex = 0; path = MediaMetadata.app; sourceTree = BUILT_PRODUCTS_DIR; };
		5540AAB921E1C6E000A1A533 /* AppDelegate.swift */ = {isa = PBXFileReference; lastKnownFileType = sourcecode.swift; path = AppDelegate.swift; sourceTree = "<group>"; };
		5540AABB21E1C6E000A1A533 /* ViewController.swift */ = {isa = PBXFileReference; lastKnownFileType = sourcecode.swift; path = ViewController.swift; sourceTree = "<group>"; };
		5540AABE21E1C6E000A1A533 /* Base */ = {isa = PBXFileReference; lastKnownFileType = file.storyboard; name = Base; path = Base.lproj/Main.storyboard; sourceTree = "<group>"; };
		5540AAC021E1C6E400A1A533 /* Assets.xcassets */ = {isa = PBXFileReference; lastKnownFileType = folder.assetcatalog; path = Assets.xcassets; sourceTree = "<group>"; };
		5540AAC321E1C6E400A1A533 /* Base */ = {isa = PBXFileReference; lastKnownFileType = file.storyboard; name = Base; path = Base.lproj/LaunchScreen.storyboard; sourceTree = "<group>"; };
		5540AAC521E1C6E400A1A533 /* Info.plist */ = {isa = PBXFileReference; lastKnownFileType = text.plist.xml; path = Info.plist; sourceTree = "<group>"; };
		5540AACA21E1C6E400A1A533 /* MediaMetadataTests.xctest */ = {isa = PBXFileReference; explicitFileType = wrapper.cfbundle; includeInIndex = 0; path = MediaMetadataTests.xctest; sourceTree = BUILT_PRODUCTS_DIR; };
		5540AACE21E1C6E400A1A533 /* MediaMetadataTests.swift */ = {isa = PBXFileReference; lastKnownFileType = sourcecode.swift; path = MediaMetadataTests.swift; sourceTree = "<group>"; };
		5540AAD021E1C6E400A1A533 /* Info.plist */ = {isa = PBXFileReference; lastKnownFileType = text.plist.xml; path = Info.plist; sourceTree = "<group>"; };
		5540AAD521E1C6E400A1A533 /* MediaMetadataUITests.xctest */ = {isa = PBXFileReference; explicitFileType = wrapper.cfbundle; includeInIndex = 0; path = MediaMetadataUITests.xctest; sourceTree = BUILT_PRODUCTS_DIR; };
		5540AAD921E1C6E400A1A533 /* MediaMetadataUITests.swift */ = {isa = PBXFileReference; lastKnownFileType = sourcecode.swift; path = MediaMetadataUITests.swift; sourceTree = "<group>"; };
		5540AADB21E1C6E400A1A533 /* Info.plist */ = {isa = PBXFileReference; lastKnownFileType = text.plist.xml; path = Info.plist; sourceTree = "<group>"; };
		5540AB4421ECBFDC00A1A533 /* MediaMetadataSDK.framework */ = {isa = PBXFileReference; explicitFileType = wrapper.framework; includeInIndex = 0; path = MediaMetadataSDK.framework; sourceTree = BUILT_PRODUCTS_DIR; };
		5540AB4621ECBFDC00A1A533 /* MediaMetadataSDK.h */ = {isa = PBXFileReference; lastKnownFileType = sourcecode.c.h; path = MediaMetadataSDK.h; sourceTree = "<group>"; };
		5540AB4721ECBFDC00A1A533 /* Info.plist */ = {isa = PBXFileReference; lastKnownFileType = text.plist.xml; path = Info.plist; sourceTree = "<group>"; };
		5540AB4C21ECBFDC00A1A533 /* MediaMetadataSDKTests.xctest */ = {isa = PBXFileReference; explicitFileType = wrapper.cfbundle; includeInIndex = 0; path = MediaMetadataSDKTests.xctest; sourceTree = BUILT_PRODUCTS_DIR; };
		5540AB5321ECBFDC00A1A533 /* MediaMetadataSDKTests.swift */ = {isa = PBXFileReference; lastKnownFileType = sourcecode.swift; path = MediaMetadataSDKTests.swift; sourceTree = "<group>"; };
		5540AB5521ECBFDC00A1A533 /* Info.plist */ = {isa = PBXFileReference; lastKnownFileType = text.plist.xml; path = Info.plist; sourceTree = "<group>"; };
		5540AB6321ECC02A00A1A533 /* MediaType.swift */ = {isa = PBXFileReference; fileEncoding = 4; lastKnownFileType = sourcecode.swift; path = MediaType.swift; sourceTree = "<group>"; };
		5540AB6421ECC02A00A1A533 /* Photo.swift */ = {isa = PBXFileReference; fileEncoding = 4; lastKnownFileType = sourcecode.swift; path = Photo.swift; sourceTree = "<group>"; };
		5540AB6521ECC02A00A1A533 /* Media.swift */ = {isa = PBXFileReference; fileEncoding = 4; lastKnownFileType = sourcecode.swift; path = Media.swift; sourceTree = "<group>"; };
		5540AB6621ECC02A00A1A533 /* Audio.swift */ = {isa = PBXFileReference; fileEncoding = 4; lastKnownFileType = sourcecode.swift; path = Audio.swift; sourceTree = "<group>"; };
		5540AB6721ECC02A00A1A533 /* Video.swift */ = {isa = PBXFileReference; fileEncoding = 4; lastKnownFileType = sourcecode.swift; path = Video.swift; sourceTree = "<group>"; };
		5540AB6821ECC02A00A1A533 /* MediaLibrary.swift */ = {isa = PBXFileReference; fileEncoding = 4; lastKnownFileType = sourcecode.swift; path = MediaLibrary.swift; sourceTree = "<group>"; };
		5540AB6921ECC02A00A1A533 /* MediaLibraryManager.swift */ = {isa = PBXFileReference; fileEncoding = 4; lastKnownFileType = sourcecode.swift; path = MediaLibraryManager.swift; sourceTree = "<group>"; };
		5540AB6A21ECC02A00A1A533 /* MetadataKey.swift */ = {isa = PBXFileReference; fileEncoding = 4; lastKnownFileType = sourcecode.swift; path = MetadataKey.swift; sourceTree = "<group>"; };
		5540AB6C21ECC02A00A1A533 /* MediaMetadataError.swift */ = {isa = PBXFileReference; fileEncoding = 4; lastKnownFileType = sourcecode.swift; path = MediaMetadataError.swift; sourceTree = "<group>"; };
		5540AB6E21ECC02A00A1A533 /* Metadata.swift */ = {isa = PBXFileReference; fileEncoding = 4; lastKnownFileType = sourcecode.swift; path = Metadata.swift; sourceTree = "<group>"; };
		5540AB7021ECC02A00A1A533 /* EXIF.swift */ = {isa = PBXFileReference; fileEncoding = 4; lastKnownFileType = sourcecode.swift; path = EXIF.swift; sourceTree = "<group>"; };
		5540AB7121ECC02A00A1A533 /* IPTC.swift */ = {isa = PBXFileReference; fileEncoding = 4; lastKnownFileType = sourcecode.swift; path = IPTC.swift; sourceTree = "<group>"; };
		5540AB7221ECC02A00A1A533 /* TIFF.swift */ = {isa = PBXFileReference; fileEncoding = 4; lastKnownFileType = sourcecode.swift; path = TIFF.swift; sourceTree = "<group>"; };
		5540AB7321ECC02A00A1A533 /* JFIF.swift */ = {isa = PBXFileReference; fileEncoding = 4; lastKnownFileType = sourcecode.swift; path = JFIF.swift; sourceTree = "<group>"; };
		5540AB8221ECC07600A1A533 /* XCTestcase+Extension.swift */ = {isa = PBXFileReference; fileEncoding = 4; lastKnownFileType = sourcecode.swift; path = "XCTestcase+Extension.swift"; sourceTree = "<group>"; };
		5540AB8321ECC07700A1A533 /* PhotoTests.swift */ = {isa = PBXFileReference; fileEncoding = 4; lastKnownFileType = sourcecode.swift; path = PhotoTests.swift; sourceTree = "<group>"; };
		5540AB8421ECC07700A1A533 /* meshi.jpg */ = {isa = PBXFileReference; lastKnownFileType = image.jpeg; path = meshi.jpg; sourceTree = "<group>"; };
		55E37EA121EEC1EF00A48AC7 /* PhotoColorModel.swift */ = {isa = PBXFileReference; lastKnownFileType = sourcecode.swift; path = PhotoColorModel.swift; sourceTree = "<group>"; };
		55E37EA321EEC23900A48AC7 /* PhotoOrientation.swift */ = {isa = PBXFileReference; lastKnownFileType = sourcecode.swift; path = PhotoOrientation.swift; sourceTree = "<group>"; };
		55E37EA521EEC26700A48AC7 /* PhotoPixelWidth.swift */ = {isa = PBXFileReference; lastKnownFileType = sourcecode.swift; path = PhotoPixelWidth.swift; sourceTree = "<group>"; };
		55E37EA721EEC28900A48AC7 /* PhotoPixelHeight.swift */ = {isa = PBXFileReference; lastKnownFileType = sourcecode.swift; path = PhotoPixelHeight.swift; sourceTree = "<group>"; };
		55E37EA921EEC2C000A48AC7 /* PhotoDepth.swift */ = {isa = PBXFileReference; lastKnownFileType = sourcecode.swift; path = PhotoDepth.swift; sourceTree = "<group>"; };
		55E37EAB21EEC2DD00A48AC7 /* PhotoProfileName.swift */ = {isa = PBXFileReference; lastKnownFileType = sourcecode.swift; path = PhotoProfileName.swift; sourceTree = "<group>"; };
		55E37EAD21EEC2F600A48AC7 /* PhotoDpiWidth.swift */ = {isa = PBXFileReference; lastKnownFileType = sourcecode.swift; path = PhotoDpiWidth.swift; sourceTree = "<group>"; };
		55E37EAF21EEC30E00A48AC7 /* PhotoPrimaryImage.swift */ = {isa = PBXFileReference; lastKnownFileType = sourcecode.swift; path = PhotoPrimaryImage.swift; sourceTree = "<group>"; };
/* End PBXFileReference section */

/* Begin PBXFrameworksBuildPhase section */
		5540AAB321E1C6E000A1A533 /* Frameworks */ = {
			isa = PBXFrameworksBuildPhase;
			buildActionMask = 2147483647;
			files = (
				5540AB5921ECBFDC00A1A533 /* MediaMetadataSDK.framework in Frameworks */,
			);
			runOnlyForDeploymentPostprocessing = 0;
		};
		5540AAC721E1C6E400A1A533 /* Frameworks */ = {
			isa = PBXFrameworksBuildPhase;
			buildActionMask = 2147483647;
			files = (
			);
			runOnlyForDeploymentPostprocessing = 0;
		};
		5540AAD221E1C6E400A1A533 /* Frameworks */ = {
			isa = PBXFrameworksBuildPhase;
			buildActionMask = 2147483647;
			files = (
			);
			runOnlyForDeploymentPostprocessing = 0;
		};
		5540AB4121ECBFDC00A1A533 /* Frameworks */ = {
			isa = PBXFrameworksBuildPhase;
			buildActionMask = 2147483647;
			files = (
			);
			runOnlyForDeploymentPostprocessing = 0;
		};
		5540AB4921ECBFDC00A1A533 /* Frameworks */ = {
			isa = PBXFrameworksBuildPhase;
			buildActionMask = 2147483647;
			files = (
				5540AB4D21ECBFDC00A1A533 /* MediaMetadataSDK.framework in Frameworks */,
			);
			runOnlyForDeploymentPostprocessing = 0;
		};
/* End PBXFrameworksBuildPhase section */

/* Begin PBXGroup section */
		5540AAAD21E1C6E000A1A533 = {
			isa = PBXGroup;
			children = (
				5540AAB821E1C6E000A1A533 /* MediaMetadata */,
				5540AACD21E1C6E400A1A533 /* MediaMetadataTests */,
				5540AAD821E1C6E400A1A533 /* MediaMetadataUITests */,
				5540AB4521ECBFDC00A1A533 /* MediaMetadataSDK */,
				5540AB5221ECBFDC00A1A533 /* MediaMetadataSDKTests */,
				5540AAB721E1C6E000A1A533 /* Products */,
			);
			sourceTree = "<group>";
		};
		5540AAB721E1C6E000A1A533 /* Products */ = {
			isa = PBXGroup;
			children = (
				5540AAB621E1C6E000A1A533 /* MediaMetadata.app */,
				5540AACA21E1C6E400A1A533 /* MediaMetadataTests.xctest */,
				5540AAD521E1C6E400A1A533 /* MediaMetadataUITests.xctest */,
				5540AB4421ECBFDC00A1A533 /* MediaMetadataSDK.framework */,
				5540AB4C21ECBFDC00A1A533 /* MediaMetadataSDKTests.xctest */,
			);
			name = Products;
			sourceTree = "<group>";
		};
		5540AAB821E1C6E000A1A533 /* MediaMetadata */ = {
			isa = PBXGroup;
			children = (
				5540AAB921E1C6E000A1A533 /* AppDelegate.swift */,
				5540AABB21E1C6E000A1A533 /* ViewController.swift */,
				5540AABD21E1C6E000A1A533 /* Main.storyboard */,
				5540AAC021E1C6E400A1A533 /* Assets.xcassets */,
				5540AAC221E1C6E400A1A533 /* LaunchScreen.storyboard */,
				5540AAC521E1C6E400A1A533 /* Info.plist */,
			);
			path = MediaMetadata;
			sourceTree = "<group>";
		};
		5540AACD21E1C6E400A1A533 /* MediaMetadataTests */ = {
			isa = PBXGroup;
			children = (
				5540AACE21E1C6E400A1A533 /* MediaMetadataTests.swift */,
				5540AAD021E1C6E400A1A533 /* Info.plist */,
			);
			path = MediaMetadataTests;
			sourceTree = "<group>";
		};
		5540AAD821E1C6E400A1A533 /* MediaMetadataUITests */ = {
			isa = PBXGroup;
			children = (
				5540AAD921E1C6E400A1A533 /* MediaMetadataUITests.swift */,
				5540AADB21E1C6E400A1A533 /* Info.plist */,
			);
			path = MediaMetadataUITests;
			sourceTree = "<group>";
		};
		5540AB4521ECBFDC00A1A533 /* MediaMetadataSDK */ = {
			isa = PBXGroup;
			children = (
				5540AB6221ECC02A00A1A533 /* Media */,
				5540AB6D21ECC02A00A1A533 /* Metadata */,
				5540AB6B21ECC02A00A1A533 /* Error */,
				5540AB4621ECBFDC00A1A533 /* MediaMetadataSDK.h */,
				5540AB4721ECBFDC00A1A533 /* Info.plist */,
			);
			path = MediaMetadataSDK;
			sourceTree = "<group>";
		};
		5540AB5221ECBFDC00A1A533 /* MediaMetadataSDKTests */ = {
			isa = PBXGroup;
			children = (
				5540AB8421ECC07700A1A533 /* meshi.jpg */,
				5527B19921ECE06300CF1881 /* pancake.jpg */,
				5540AB5321ECBFDC00A1A533 /* MediaMetadataSDKTests.swift */,
				5540AB8221ECC07600A1A533 /* XCTestcase+Extension.swift */,
				5540AB8321ECC07700A1A533 /* PhotoTests.swift */,
				5540AB5521ECBFDC00A1A533 /* Info.plist */,
			);
			path = MediaMetadataSDKTests;
			sourceTree = "<group>";
		};
		5540AB6221ECC02A00A1A533 /* Media */ = {
			isa = PBXGroup;
			children = (
				5540AB6921ECC02A00A1A533 /* MediaLibraryManager.swift */,
				5540AB6821ECC02A00A1A533 /* MediaLibrary.swift */,
				5540AB6321ECC02A00A1A533 /* MediaType.swift */,
				5540AB6A21ECC02A00A1A533 /* MetadataKey.swift */,
				5540AB6521ECC02A00A1A533 /* Media.swift */,
				5540AB6421ECC02A00A1A533 /* Photo.swift */,
				5540AB6721ECC02A00A1A533 /* Video.swift */,
				5540AB6621ECC02A00A1A533 /* Audio.swift */,
			);
			path = Media;
			sourceTree = "<group>";
		};
		5540AB6B21ECC02A00A1A533 /* Error */ = {
			isa = PBXGroup;
			children = (
				5540AB6C21ECC02A00A1A533 /* MediaMetadataError.swift */,
			);
			path = Error;
			sourceTree = "<group>";
		};
		5540AB6D21ECC02A00A1A533 /* Metadata */ = {
			isa = PBXGroup;
			children = (
				5540AB6E21ECC02A00A1A533 /* Metadata.swift */,
				5540AB6F21ECC02A00A1A533 /* Photo */,
			);
			path = Metadata;
			sourceTree = "<group>";
		};
		5540AB6F21ECC02A00A1A533 /* Photo */ = {
			isa = PBXGroup;
			children = (
				55E37EA021EEC1B500A48AC7 /* GeneralInfo */,
				5540AB7021ECC02A00A1A533 /* EXIF.swift */,
				5527B19B21ECE1B100CF1881 /* GPS.swift */,
				5540AB7121ECC02A00A1A533 /* IPTC.swift */,
				5540AB7221ECC02A00A1A533 /* TIFF.swift */,
				5540AB7321ECC02A00A1A533 /* JFIF.swift */,
			);
			path = Photo;
			sourceTree = "<group>";
		};
		55E37EA021EEC1B500A48AC7 /* GeneralInfo */ = {
			isa = PBXGroup;
			children = (
				55E37EA121EEC1EF00A48AC7 /* PhotoColorModel.swift */,
				55E37EA321EEC23900A48AC7 /* PhotoOrientation.swift */,
				55E37EA521EEC26700A48AC7 /* PhotoPixelWidth.swift */,
				55E37EA721EEC28900A48AC7 /* PhotoPixelHeight.swift */,
				55E37EA921EEC2C000A48AC7 /* PhotoDepth.swift */,
				55E37EAB21EEC2DD00A48AC7 /* PhotoProfileName.swift */,
				55E37EAD21EEC2F600A48AC7 /* PhotoDpiWidth.swift */,
				55E37EAF21EEC30E00A48AC7 /* PhotoPrimaryImage.swift */,
			);
			path = GeneralInfo;
			sourceTree = "<group>";
		};
/* End PBXGroup section */

/* Begin PBXHeadersBuildPhase section */
		5540AB3F21ECBFDC00A1A533 /* Headers */ = {
			isa = PBXHeadersBuildPhase;
			buildActionMask = 2147483647;
			files = (
				5540AB5621ECBFDC00A1A533 /* MediaMetadataSDK.h in Headers */,
			);
			runOnlyForDeploymentPostprocessing = 0;
		};
/* End PBXHeadersBuildPhase section */

/* Begin PBXNativeTarget section */
		5540AAB521E1C6E000A1A533 /* MediaMetadata */ = {
			isa = PBXNativeTarget;
			buildConfigurationList = 5540AADE21E1C6E400A1A533 /* Build configuration list for PBXNativeTarget "MediaMetadata" */;
			buildPhases = (
				5540AAB221E1C6E000A1A533 /* Sources */,
				5540AAB321E1C6E000A1A533 /* Frameworks */,
				5540AAB421E1C6E000A1A533 /* Resources */,
				5540AB5E21ECBFDC00A1A533 /* Embed Frameworks */,
			);
			buildRules = (
			);
			dependencies = (
				5540AB5821ECBFDC00A1A533 /* PBXTargetDependency */,
			);
			name = MediaMetadata;
			productName = MediaMetadata;
			productReference = 5540AAB621E1C6E000A1A533 /* MediaMetadata.app */;
			productType = "com.apple.product-type.application";
		};
		5540AAC921E1C6E400A1A533 /* MediaMetadataTests */ = {
			isa = PBXNativeTarget;
			buildConfigurationList = 5540AAE121E1C6E400A1A533 /* Build configuration list for PBXNativeTarget "MediaMetadataTests" */;
			buildPhases = (
				5540AAC621E1C6E400A1A533 /* Sources */,
				5540AAC721E1C6E400A1A533 /* Frameworks */,
				5540AAC821E1C6E400A1A533 /* Resources */,
			);
			buildRules = (
			);
			dependencies = (
				5540AACC21E1C6E400A1A533 /* PBXTargetDependency */,
			);
			name = MediaMetadataTests;
			productName = MediaMetadataTests;
			productReference = 5540AACA21E1C6E400A1A533 /* MediaMetadataTests.xctest */;
			productType = "com.apple.product-type.bundle.unit-test";
		};
		5540AAD421E1C6E400A1A533 /* MediaMetadataUITests */ = {
			isa = PBXNativeTarget;
			buildConfigurationList = 5540AAE421E1C6E400A1A533 /* Build configuration list for PBXNativeTarget "MediaMetadataUITests" */;
			buildPhases = (
				5540AAD121E1C6E400A1A533 /* Sources */,
				5540AAD221E1C6E400A1A533 /* Frameworks */,
				5540AAD321E1C6E400A1A533 /* Resources */,
			);
			buildRules = (
			);
			dependencies = (
				5540AAD721E1C6E400A1A533 /* PBXTargetDependency */,
			);
			name = MediaMetadataUITests;
			productName = MediaMetadataUITests;
			productReference = 5540AAD521E1C6E400A1A533 /* MediaMetadataUITests.xctest */;
			productType = "com.apple.product-type.bundle.ui-testing";
		};
		5540AB4321ECBFDC00A1A533 /* MediaMetadataSDK */ = {
			isa = PBXNativeTarget;
			buildConfigurationList = 5540AB5B21ECBFDC00A1A533 /* Build configuration list for PBXNativeTarget "MediaMetadataSDK" */;
			buildPhases = (
				5540AB3F21ECBFDC00A1A533 /* Headers */,
				5540AB4021ECBFDC00A1A533 /* Sources */,
				5540AB4121ECBFDC00A1A533 /* Frameworks */,
				5540AB4221ECBFDC00A1A533 /* Resources */,
			);
			buildRules = (
			);
			dependencies = (
			);
			name = MediaMetadataSDK;
			productName = MediaMetadataSDK;
			productReference = 5540AB4421ECBFDC00A1A533 /* MediaMetadataSDK.framework */;
			productType = "com.apple.product-type.framework";
		};
		5540AB4B21ECBFDC00A1A533 /* MediaMetadataSDKTests */ = {
			isa = PBXNativeTarget;
			buildConfigurationList = 5540AB5F21ECBFDC00A1A533 /* Build configuration list for PBXNativeTarget "MediaMetadataSDKTests" */;
			buildPhases = (
				5540AB4821ECBFDC00A1A533 /* Sources */,
				5540AB4921ECBFDC00A1A533 /* Frameworks */,
				5540AB4A21ECBFDC00A1A533 /* Resources */,
			);
			buildRules = (
			);
			dependencies = (
				5540AB4F21ECBFDC00A1A533 /* PBXTargetDependency */,
				5540AB5121ECBFDC00A1A533 /* PBXTargetDependency */,
			);
			name = MediaMetadataSDKTests;
			productName = MediaMetadataSDKTests;
			productReference = 5540AB4C21ECBFDC00A1A533 /* MediaMetadataSDKTests.xctest */;
			productType = "com.apple.product-type.bundle.unit-test";
		};
/* End PBXNativeTarget section */

/* Begin PBXProject section */
		5540AAAE21E1C6E000A1A533 /* Project object */ = {
			isa = PBXProject;
			attributes = {
				LastSwiftUpdateCheck = 1010;
				LastUpgradeCheck = 1010;
				ORGANIZATIONNAME = "Falcon Tech";
				TargetAttributes = {
					5540AAB521E1C6E000A1A533 = {
						CreatedOnToolsVersion = 10.1;
					};
					5540AAC921E1C6E400A1A533 = {
						CreatedOnToolsVersion = 10.1;
						TestTargetID = 5540AAB521E1C6E000A1A533;
					};
					5540AAD421E1C6E400A1A533 = {
						CreatedOnToolsVersion = 10.1;
						TestTargetID = 5540AAB521E1C6E000A1A533;
					};
					5540AB4321ECBFDC00A1A533 = {
						CreatedOnToolsVersion = 10.1;
					};
					5540AB4B21ECBFDC00A1A533 = {
						CreatedOnToolsVersion = 10.1;
						TestTargetID = 5540AAB521E1C6E000A1A533;
					};
				};
			};
			buildConfigurationList = 5540AAB121E1C6E000A1A533 /* Build configuration list for PBXProject "MediaMetadata" */;
			compatibilityVersion = "Xcode 9.3";
			developmentRegion = en;
			hasScannedForEncodings = 0;
			knownRegions = (
				en,
				Base,
			);
			mainGroup = 5540AAAD21E1C6E000A1A533;
			productRefGroup = 5540AAB721E1C6E000A1A533 /* Products */;
			projectDirPath = "";
			projectRoot = "";
			targets = (
				5540AAB521E1C6E000A1A533 /* MediaMetadata */,
				5540AAC921E1C6E400A1A533 /* MediaMetadataTests */,
				5540AAD421E1C6E400A1A533 /* MediaMetadataUITests */,
				5540AB4321ECBFDC00A1A533 /* MediaMetadataSDK */,
				5540AB4B21ECBFDC00A1A533 /* MediaMetadataSDKTests */,
			);
		};
/* End PBXProject section */

/* Begin PBXResourcesBuildPhase section */
		5540AAB421E1C6E000A1A533 /* Resources */ = {
			isa = PBXResourcesBuildPhase;
			buildActionMask = 2147483647;
			files = (
				5540AAC421E1C6E400A1A533 /* LaunchScreen.storyboard in Resources */,
				5540AAC121E1C6E400A1A533 /* Assets.xcassets in Resources */,
				5540AABF21E1C6E000A1A533 /* Main.storyboard in Resources */,
			);
			runOnlyForDeploymentPostprocessing = 0;
		};
		5540AAC821E1C6E400A1A533 /* Resources */ = {
			isa = PBXResourcesBuildPhase;
			buildActionMask = 2147483647;
			files = (
			);
			runOnlyForDeploymentPostprocessing = 0;
		};
		5540AAD321E1C6E400A1A533 /* Resources */ = {
			isa = PBXResourcesBuildPhase;
			buildActionMask = 2147483647;
			files = (
			);
			runOnlyForDeploymentPostprocessing = 0;
		};
		5540AB4221ECBFDC00A1A533 /* Resources */ = {
			isa = PBXResourcesBuildPhase;
			buildActionMask = 2147483647;
			files = (
			);
			runOnlyForDeploymentPostprocessing = 0;
		};
		5540AB4A21ECBFDC00A1A533 /* Resources */ = {
			isa = PBXResourcesBuildPhase;
			buildActionMask = 2147483647;
			files = (
				5540AB8721ECC07700A1A533 /* meshi.jpg in Resources */,
				5527B19A21ECE06300CF1881 /* pancake.jpg in Resources */,
			);
			runOnlyForDeploymentPostprocessing = 0;
		};
/* End PBXResourcesBuildPhase section */

/* Begin PBXSourcesBuildPhase section */
		5540AAB221E1C6E000A1A533 /* Sources */ = {
			isa = PBXSourcesBuildPhase;
			buildActionMask = 2147483647;
			files = (
				5540AABC21E1C6E000A1A533 /* ViewController.swift in Sources */,
				5540AABA21E1C6E000A1A533 /* AppDelegate.swift in Sources */,
			);
			runOnlyForDeploymentPostprocessing = 0;
		};
		5540AAC621E1C6E400A1A533 /* Sources */ = {
			isa = PBXSourcesBuildPhase;
			buildActionMask = 2147483647;
			files = (
				5540AACF21E1C6E400A1A533 /* MediaMetadataTests.swift in Sources */,
			);
			runOnlyForDeploymentPostprocessing = 0;
		};
		5540AAD121E1C6E400A1A533 /* Sources */ = {
			isa = PBXSourcesBuildPhase;
			buildActionMask = 2147483647;
			files = (
				5540AADA21E1C6E400A1A533 /* MediaMetadataUITests.swift in Sources */,
			);
			runOnlyForDeploymentPostprocessing = 0;
		};
		5540AB4021ECBFDC00A1A533 /* Sources */ = {
			isa = PBXSourcesBuildPhase;
			buildActionMask = 2147483647;
			files = (
				5540AB7A21ECC02B00A1A533 /* MediaLibraryManager.swift in Sources */,
				5540AB7721ECC02B00A1A533 /* Audio.swift in Sources */,
				5540AB7D21ECC02B00A1A533 /* Metadata.swift in Sources */,
				55E37EB021EEC30E00A48AC7 /* PhotoPrimaryImage.swift in Sources */,
				55E37EAE21EEC2F600A48AC7 /* PhotoDpiWidth.swift in Sources */,
				5540AB7521ECC02B00A1A533 /* Photo.swift in Sources */,
				55E37EA821EEC28900A48AC7 /* PhotoPixelHeight.swift in Sources */,
				5540AB8121ECC02B00A1A533 /* JFIF.swift in Sources */,
				5540AB7921ECC02B00A1A533 /* MediaLibrary.swift in Sources */,
				5540AB7421ECC02B00A1A533 /* MediaType.swift in Sources */,
				55E37EA421EEC23900A48AC7 /* PhotoOrientation.swift in Sources */,
				55E37EA621EEC26700A48AC7 /* PhotoPixelWidth.swift in Sources */,
				5540AB7621ECC02B00A1A533 /* Media.swift in Sources */,
				5540AB7B21ECC02B00A1A533 /* MetadataKey.swift in Sources */,
				5540AB7821ECC02B00A1A533 /* Video.swift in Sources */,
				55E37EA221EEC1EF00A48AC7 /* PhotoColorModel.swift in Sources */,
				5540AB8021ECC02B00A1A533 /* TIFF.swift in Sources */,
				5540AB7F21ECC02B00A1A533 /* IPTC.swift in Sources */,
				5540AB7E21ECC02B00A1A533 /* EXIF.swift in Sources */,
				5540AB7C21ECC02B00A1A533 /* MediaMetadataError.swift in Sources */,
				55E37EAA21EEC2C000A48AC7 /* PhotoDepth.swift in Sources */,
				5527B19C21ECE1B100CF1881 /* GPS.swift in Sources */,
				55E37EAC21EEC2DD00A48AC7 /* PhotoProfileName.swift in Sources */,
			);
			runOnlyForDeploymentPostprocessing = 0;
		};
		5540AB4821ECBFDC00A1A533 /* Sources */ = {
			isa = PBXSourcesBuildPhase;
			buildActionMask = 2147483647;
			files = (
				5540AB8621ECC07700A1A533 /* PhotoTests.swift in Sources */,
				5540AB8521ECC07700A1A533 /* XCTestcase+Extension.swift in Sources */,
				5540AB5421ECBFDC00A1A533 /* MediaMetadataSDKTests.swift in Sources */,
			);
			runOnlyForDeploymentPostprocessing = 0;
		};
/* End PBXSourcesBuildPhase section */

/* Begin PBXTargetDependency section */
		5540AACC21E1C6E400A1A533 /* PBXTargetDependency */ = {
			isa = PBXTargetDependency;
			target = 5540AAB521E1C6E000A1A533 /* MediaMetadata */;
			targetProxy = 5540AACB21E1C6E400A1A533 /* PBXContainerItemProxy */;
		};
		5540AAD721E1C6E400A1A533 /* PBXTargetDependency */ = {
			isa = PBXTargetDependency;
			target = 5540AAB521E1C6E000A1A533 /* MediaMetadata */;
			targetProxy = 5540AAD621E1C6E400A1A533 /* PBXContainerItemProxy */;
		};
		5540AB4F21ECBFDC00A1A533 /* PBXTargetDependency */ = {
			isa = PBXTargetDependency;
			target = 5540AB4321ECBFDC00A1A533 /* MediaMetadataSDK */;
			targetProxy = 5540AB4E21ECBFDC00A1A533 /* PBXContainerItemProxy */;
		};
		5540AB5121ECBFDC00A1A533 /* PBXTargetDependency */ = {
			isa = PBXTargetDependency;
			target = 5540AAB521E1C6E000A1A533 /* MediaMetadata */;
			targetProxy = 5540AB5021ECBFDC00A1A533 /* PBXContainerItemProxy */;
		};
		5540AB5821ECBFDC00A1A533 /* PBXTargetDependency */ = {
			isa = PBXTargetDependency;
			target = 5540AB4321ECBFDC00A1A533 /* MediaMetadataSDK */;
			targetProxy = 5540AB5721ECBFDC00A1A533 /* PBXContainerItemProxy */;
		};
/* End PBXTargetDependency section */

/* Begin PBXVariantGroup section */
		5540AABD21E1C6E000A1A533 /* Main.storyboard */ = {
			isa = PBXVariantGroup;
			children = (
				5540AABE21E1C6E000A1A533 /* Base */,
			);
			name = Main.storyboard;
			sourceTree = "<group>";
		};
		5540AAC221E1C6E400A1A533 /* LaunchScreen.storyboard */ = {
			isa = PBXVariantGroup;
			children = (
				5540AAC321E1C6E400A1A533 /* Base */,
			);
			name = LaunchScreen.storyboard;
			sourceTree = "<group>";
		};
/* End PBXVariantGroup section */

/* Begin XCBuildConfiguration section */
		5540AADC21E1C6E400A1A533 /* Debug */ = {
			isa = XCBuildConfiguration;
			buildSettings = {
				ALWAYS_SEARCH_USER_PATHS = NO;
				CLANG_ANALYZER_NONNULL = YES;
				CLANG_ANALYZER_NUMBER_OBJECT_CONVERSION = YES_AGGRESSIVE;
				CLANG_CXX_LANGUAGE_STANDARD = "gnu++14";
				CLANG_CXX_LIBRARY = "libc++";
				CLANG_ENABLE_MODULES = YES;
				CLANG_ENABLE_OBJC_ARC = YES;
				CLANG_ENABLE_OBJC_WEAK = YES;
				CLANG_WARN_BLOCK_CAPTURE_AUTORELEASING = YES;
				CLANG_WARN_BOOL_CONVERSION = YES;
				CLANG_WARN_COMMA = YES;
				CLANG_WARN_CONSTANT_CONVERSION = YES;
				CLANG_WARN_DEPRECATED_OBJC_IMPLEMENTATIONS = YES;
				CLANG_WARN_DIRECT_OBJC_ISA_USAGE = YES_ERROR;
				CLANG_WARN_DOCUMENTATION_COMMENTS = YES;
				CLANG_WARN_EMPTY_BODY = YES;
				CLANG_WARN_ENUM_CONVERSION = YES;
				CLANG_WARN_INFINITE_RECURSION = YES;
				CLANG_WARN_INT_CONVERSION = YES;
				CLANG_WARN_NON_LITERAL_NULL_CONVERSION = YES;
				CLANG_WARN_OBJC_IMPLICIT_RETAIN_SELF = YES;
				CLANG_WARN_OBJC_LITERAL_CONVERSION = YES;
				CLANG_WARN_OBJC_ROOT_CLASS = YES_ERROR;
				CLANG_WARN_RANGE_LOOP_ANALYSIS = YES;
				CLANG_WARN_STRICT_PROTOTYPES = YES;
				CLANG_WARN_SUSPICIOUS_MOVE = YES;
				CLANG_WARN_UNGUARDED_AVAILABILITY = YES_AGGRESSIVE;
				CLANG_WARN_UNREACHABLE_CODE = YES;
				CLANG_WARN__DUPLICATE_METHOD_MATCH = YES;
				CODE_SIGN_IDENTITY = "iPhone Developer";
				COPY_PHASE_STRIP = NO;
				DEBUG_INFORMATION_FORMAT = dwarf;
				ENABLE_STRICT_OBJC_MSGSEND = YES;
				ENABLE_TESTABILITY = YES;
				GCC_C_LANGUAGE_STANDARD = gnu11;
				GCC_DYNAMIC_NO_PIC = NO;
				GCC_NO_COMMON_BLOCKS = YES;
				GCC_OPTIMIZATION_LEVEL = 0;
				GCC_PREPROCESSOR_DEFINITIONS = (
					"DEBUG=1",
					"$(inherited)",
				);
				GCC_WARN_64_TO_32_BIT_CONVERSION = YES;
				GCC_WARN_ABOUT_RETURN_TYPE = YES_ERROR;
				GCC_WARN_UNDECLARED_SELECTOR = YES;
				GCC_WARN_UNINITIALIZED_AUTOS = YES_AGGRESSIVE;
				GCC_WARN_UNUSED_FUNCTION = YES;
				GCC_WARN_UNUSED_VARIABLE = YES;
				IPHONEOS_DEPLOYMENT_TARGET = 12.1;
				MTL_ENABLE_DEBUG_INFO = INCLUDE_SOURCE;
				MTL_FAST_MATH = YES;
				ONLY_ACTIVE_ARCH = YES;
				SDKROOT = iphoneos;
				SWIFT_ACTIVE_COMPILATION_CONDITIONS = DEBUG;
				SWIFT_OPTIMIZATION_LEVEL = "-Onone";
			};
			name = Debug;
		};
		5540AADD21E1C6E400A1A533 /* Release */ = {
			isa = XCBuildConfiguration;
			buildSettings = {
				ALWAYS_SEARCH_USER_PATHS = NO;
				CLANG_ANALYZER_NONNULL = YES;
				CLANG_ANALYZER_NUMBER_OBJECT_CONVERSION = YES_AGGRESSIVE;
				CLANG_CXX_LANGUAGE_STANDARD = "gnu++14";
				CLANG_CXX_LIBRARY = "libc++";
				CLANG_ENABLE_MODULES = YES;
				CLANG_ENABLE_OBJC_ARC = YES;
				CLANG_ENABLE_OBJC_WEAK = YES;
				CLANG_WARN_BLOCK_CAPTURE_AUTORELEASING = YES;
				CLANG_WARN_BOOL_CONVERSION = YES;
				CLANG_WARN_COMMA = YES;
				CLANG_WARN_CONSTANT_CONVERSION = YES;
				CLANG_WARN_DEPRECATED_OBJC_IMPLEMENTATIONS = YES;
				CLANG_WARN_DIRECT_OBJC_ISA_USAGE = YES_ERROR;
				CLANG_WARN_DOCUMENTATION_COMMENTS = YES;
				CLANG_WARN_EMPTY_BODY = YES;
				CLANG_WARN_ENUM_CONVERSION = YES;
				CLANG_WARN_INFINITE_RECURSION = YES;
				CLANG_WARN_INT_CONVERSION = YES;
				CLANG_WARN_NON_LITERAL_NULL_CONVERSION = YES;
				CLANG_WARN_OBJC_IMPLICIT_RETAIN_SELF = YES;
				CLANG_WARN_OBJC_LITERAL_CONVERSION = YES;
				CLANG_WARN_OBJC_ROOT_CLASS = YES_ERROR;
				CLANG_WARN_RANGE_LOOP_ANALYSIS = YES;
				CLANG_WARN_STRICT_PROTOTYPES = YES;
				CLANG_WARN_SUSPICIOUS_MOVE = YES;
				CLANG_WARN_UNGUARDED_AVAILABILITY = YES_AGGRESSIVE;
				CLANG_WARN_UNREACHABLE_CODE = YES;
				CLANG_WARN__DUPLICATE_METHOD_MATCH = YES;
				CODE_SIGN_IDENTITY = "iPhone Developer";
				COPY_PHASE_STRIP = NO;
				DEBUG_INFORMATION_FORMAT = "dwarf-with-dsym";
				ENABLE_NS_ASSERTIONS = NO;
				ENABLE_STRICT_OBJC_MSGSEND = YES;
				GCC_C_LANGUAGE_STANDARD = gnu11;
				GCC_NO_COMMON_BLOCKS = YES;
				GCC_WARN_64_TO_32_BIT_CONVERSION = YES;
				GCC_WARN_ABOUT_RETURN_TYPE = YES_ERROR;
				GCC_WARN_UNDECLARED_SELECTOR = YES;
				GCC_WARN_UNINITIALIZED_AUTOS = YES_AGGRESSIVE;
				GCC_WARN_UNUSED_FUNCTION = YES;
				GCC_WARN_UNUSED_VARIABLE = YES;
				IPHONEOS_DEPLOYMENT_TARGET = 12.1;
				MTL_ENABLE_DEBUG_INFO = NO;
				MTL_FAST_MATH = YES;
				SDKROOT = iphoneos;
				SWIFT_COMPILATION_MODE = wholemodule;
				SWIFT_OPTIMIZATION_LEVEL = "-O";
				VALIDATE_PRODUCT = YES;
			};
			name = Release;
		};
		5540AADF21E1C6E400A1A533 /* Debug */ = {
			isa = XCBuildConfiguration;
			buildSettings = {
				ALWAYS_EMBED_SWIFT_STANDARD_LIBRARIES = YES;
				ASSETCATALOG_COMPILER_APPICON_NAME = AppIcon;
				CODE_SIGN_STYLE = Automatic;
				DEVELOPMENT_TEAM = 3BTZN69U72;
				INFOPLIST_FILE = MediaMetadata/Info.plist;
				LD_RUNPATH_SEARCH_PATHS = (
					"$(inherited)",
					"@executable_path/Frameworks",
				);
				PRODUCT_BUNDLE_IDENTIFIER = "jp.co.falcon-tech.MediaMetadata";
				PRODUCT_NAME = "$(TARGET_NAME)";
				SWIFT_VERSION = 4.2;
				TARGETED_DEVICE_FAMILY = "1,2";
			};
			name = Debug;
		};
		5540AAE021E1C6E400A1A533 /* Release */ = {
			isa = XCBuildConfiguration;
			buildSettings = {
				ALWAYS_EMBED_SWIFT_STANDARD_LIBRARIES = YES;
				ASSETCATALOG_COMPILER_APPICON_NAME = AppIcon;
				CODE_SIGN_STYLE = Automatic;
				DEVELOPMENT_TEAM = 3BTZN69U72;
				INFOPLIST_FILE = MediaMetadata/Info.plist;
				LD_RUNPATH_SEARCH_PATHS = (
					"$(inherited)",
					"@executable_path/Frameworks",
				);
				PRODUCT_BUNDLE_IDENTIFIER = "jp.co.falcon-tech.MediaMetadata";
				PRODUCT_NAME = "$(TARGET_NAME)";
				SWIFT_VERSION = 4.2;
				TARGETED_DEVICE_FAMILY = "1,2";
			};
			name = Release;
		};
		5540AAE221E1C6E400A1A533 /* Debug */ = {
			isa = XCBuildConfiguration;
			buildSettings = {
				ALWAYS_EMBED_SWIFT_STANDARD_LIBRARIES = YES;
				BUNDLE_LOADER = "$(TEST_HOST)";
				CODE_SIGN_STYLE = Automatic;
				DEVELOPMENT_TEAM = 3BTZN69U72;
				INFOPLIST_FILE = MediaMetadataTests/Info.plist;
				LD_RUNPATH_SEARCH_PATHS = (
					"$(inherited)",
					"@executable_path/Frameworks",
					"@loader_path/Frameworks",
				);
				PRODUCT_BUNDLE_IDENTIFIER = "jp.co.falcon-tech.MediaMetadataTests";
				PRODUCT_NAME = "$(TARGET_NAME)";
				SWIFT_VERSION = 4.2;
				TARGETED_DEVICE_FAMILY = "1,2";
				TEST_HOST = "$(BUILT_PRODUCTS_DIR)/MediaMetadata.app/MediaMetadata";
			};
			name = Debug;
		};
		5540AAE321E1C6E400A1A533 /* Release */ = {
			isa = XCBuildConfiguration;
			buildSettings = {
				ALWAYS_EMBED_SWIFT_STANDARD_LIBRARIES = YES;
				BUNDLE_LOADER = "$(TEST_HOST)";
				CODE_SIGN_STYLE = Automatic;
				DEVELOPMENT_TEAM = 3BTZN69U72;
				INFOPLIST_FILE = MediaMetadataTests/Info.plist;
				LD_RUNPATH_SEARCH_PATHS = (
					"$(inherited)",
					"@executable_path/Frameworks",
					"@loader_path/Frameworks",
				);
				PRODUCT_BUNDLE_IDENTIFIER = "jp.co.falcon-tech.MediaMetadataTests";
				PRODUCT_NAME = "$(TARGET_NAME)";
				SWIFT_VERSION = 4.2;
				TARGETED_DEVICE_FAMILY = "1,2";
				TEST_HOST = "$(BUILT_PRODUCTS_DIR)/MediaMetadata.app/MediaMetadata";
			};
			name = Release;
		};
		5540AAE521E1C6E400A1A533 /* Debug */ = {
			isa = XCBuildConfiguration;
			buildSettings = {
				ALWAYS_EMBED_SWIFT_STANDARD_LIBRARIES = YES;
				CODE_SIGN_STYLE = Automatic;
				DEVELOPMENT_TEAM = 3BTZN69U72;
				INFOPLIST_FILE = MediaMetadataUITests/Info.plist;
				LD_RUNPATH_SEARCH_PATHS = (
					"$(inherited)",
					"@executable_path/Frameworks",
					"@loader_path/Frameworks",
				);
				PRODUCT_BUNDLE_IDENTIFIER = "jp.co.falcon-tech.MediaMetadataUITests";
				PRODUCT_NAME = "$(TARGET_NAME)";
				SWIFT_VERSION = 4.2;
				TARGETED_DEVICE_FAMILY = "1,2";
				TEST_TARGET_NAME = MediaMetadata;
			};
			name = Debug;
		};
		5540AAE621E1C6E400A1A533 /* Release */ = {
			isa = XCBuildConfiguration;
			buildSettings = {
				ALWAYS_EMBED_SWIFT_STANDARD_LIBRARIES = YES;
				CODE_SIGN_STYLE = Automatic;
				DEVELOPMENT_TEAM = 3BTZN69U72;
				INFOPLIST_FILE = MediaMetadataUITests/Info.plist;
				LD_RUNPATH_SEARCH_PATHS = (
					"$(inherited)",
					"@executable_path/Frameworks",
					"@loader_path/Frameworks",
				);
				PRODUCT_BUNDLE_IDENTIFIER = "jp.co.falcon-tech.MediaMetadataUITests";
				PRODUCT_NAME = "$(TARGET_NAME)";
				SWIFT_VERSION = 4.2;
				TARGETED_DEVICE_FAMILY = "1,2";
				TEST_TARGET_NAME = MediaMetadata;
			};
			name = Release;
		};
		5540AB5C21ECBFDC00A1A533 /* Debug */ = {
			isa = XCBuildConfiguration;
			buildSettings = {
				CODE_SIGN_IDENTITY = "";
				CODE_SIGN_STYLE = Automatic;
				CURRENT_PROJECT_VERSION = 1;
				DEFINES_MODULE = YES;
				DEVELOPMENT_TEAM = 3BTZN69U72;
				DYLIB_COMPATIBILITY_VERSION = 1;
				DYLIB_CURRENT_VERSION = 1;
				DYLIB_INSTALL_NAME_BASE = "@rpath";
				INFOPLIST_FILE = MediaMetadataSDK/Info.plist;
				INSTALL_PATH = "$(LOCAL_LIBRARY_DIR)/Frameworks";
				LD_RUNPATH_SEARCH_PATHS = (
					"$(inherited)",
					"@executable_path/Frameworks",
					"@loader_path/Frameworks",
				);
				PRODUCT_BUNDLE_IDENTIFIER = "jp.co.falcon-tech.MediaMetadataSDK";
				PRODUCT_NAME = "$(TARGET_NAME:c99extidentifier)";
				SKIP_INSTALL = YES;
				SWIFT_VERSION = 4.2;
				TARGETED_DEVICE_FAMILY = "1,2";
				VERSIONING_SYSTEM = "apple-generic";
				VERSION_INFO_PREFIX = "";
			};
			name = Debug;
		};
		5540AB5D21ECBFDC00A1A533 /* Release */ = {
			isa = XCBuildConfiguration;
			buildSettings = {
				CODE_SIGN_IDENTITY = "";
				CODE_SIGN_STYLE = Automatic;
				CURRENT_PROJECT_VERSION = 1;
				DEFINES_MODULE = YES;
				DEVELOPMENT_TEAM = 3BTZN69U72;
				DYLIB_COMPATIBILITY_VERSION = 1;
				DYLIB_CURRENT_VERSION = 1;
				DYLIB_INSTALL_NAME_BASE = "@rpath";
				INFOPLIST_FILE = MediaMetadataSDK/Info.plist;
				INSTALL_PATH = "$(LOCAL_LIBRARY_DIR)/Frameworks";
				LD_RUNPATH_SEARCH_PATHS = (
					"$(inherited)",
					"@executable_path/Frameworks",
					"@loader_path/Frameworks",
				);
				PRODUCT_BUNDLE_IDENTIFIER = "jp.co.falcon-tech.MediaMetadataSDK";
				PRODUCT_NAME = "$(TARGET_NAME:c99extidentifier)";
				SKIP_INSTALL = YES;
				SWIFT_VERSION = 4.2;
				TARGETED_DEVICE_FAMILY = "1,2";
				VERSIONING_SYSTEM = "apple-generic";
				VERSION_INFO_PREFIX = "";
			};
			name = Release;
		};
		5540AB6021ECBFDC00A1A533 /* Debug */ = {
			isa = XCBuildConfiguration;
			buildSettings = {
				ALWAYS_EMBED_SWIFT_STANDARD_LIBRARIES = YES;
				CODE_SIGN_STYLE = Automatic;
				DEVELOPMENT_TEAM = 3BTZN69U72;
				INFOPLIST_FILE = MediaMetadataSDKTests/Info.plist;
				LD_RUNPATH_SEARCH_PATHS = (
					"$(inherited)",
					"@executable_path/Frameworks",
					"@loader_path/Frameworks",
				);
				PRODUCT_BUNDLE_IDENTIFIER = "jp.co.falcon-tech.MediaMetadataSDKTests";
				PRODUCT_NAME = "$(TARGET_NAME)";
				SWIFT_VERSION = 4.2;
				TARGETED_DEVICE_FAMILY = "1,2";
				TEST_HOST = "$(BUILT_PRODUCTS_DIR)/MediaMetadata.app/MediaMetadata";
			};
			name = Debug;
		};
		5540AB6121ECBFDC00A1A533 /* Release */ = {
			isa = XCBuildConfiguration;
			buildSettings = {
				ALWAYS_EMBED_SWIFT_STANDARD_LIBRARIES = YES;
				CODE_SIGN_STYLE = Automatic;
				DEVELOPMENT_TEAM = 3BTZN69U72;
				INFOPLIST_FILE = MediaMetadataSDKTests/Info.plist;
				LD_RUNPATH_SEARCH_PATHS = (
					"$(inherited)",
					"@executable_path/Frameworks",
					"@loader_path/Frameworks",
				);
				PRODUCT_BUNDLE_IDENTIFIER = "jp.co.falcon-tech.MediaMetadataSDKTests";
				PRODUCT_NAME = "$(TARGET_NAME)";
				SWIFT_VERSION = 4.2;
				TARGETED_DEVICE_FAMILY = "1,2";
				TEST_HOST = "$(BUILT_PRODUCTS_DIR)/MediaMetadata.app/MediaMetadata";
			};
			name = Release;
		};
/* End XCBuildConfiguration section */

/* Begin XCConfigurationList section */
		5540AAB121E1C6E000A1A533 /* Build configuration list for PBXProject "MediaMetadata" */ = {
			isa = XCConfigurationList;
			buildConfigurations = (
				5540AADC21E1C6E400A1A533 /* Debug */,
				5540AADD21E1C6E400A1A533 /* Release */,
			);
			defaultConfigurationIsVisible = 0;
			defaultConfigurationName = Release;
		};
		5540AADE21E1C6E400A1A533 /* Build configuration list for PBXNativeTarget "MediaMetadata" */ = {
			isa = XCConfigurationList;
			buildConfigurations = (
				5540AADF21E1C6E400A1A533 /* Debug */,
				5540AAE021E1C6E400A1A533 /* Release */,
			);
			defaultConfigurationIsVisible = 0;
			defaultConfigurationName = Release;
		};
		5540AAE121E1C6E400A1A533 /* Build configuration list for PBXNativeTarget "MediaMetadataTests" */ = {
			isa = XCConfigurationList;
			buildConfigurations = (
				5540AAE221E1C6E400A1A533 /* Debug */,
				5540AAE321E1C6E400A1A533 /* Release */,
			);
			defaultConfigurationIsVisible = 0;
			defaultConfigurationName = Release;
		};
		5540AAE421E1C6E400A1A533 /* Build configuration list for PBXNativeTarget "MediaMetadataUITests" */ = {
			isa = XCConfigurationList;
			buildConfigurations = (
				5540AAE521E1C6E400A1A533 /* Debug */,
				5540AAE621E1C6E400A1A533 /* Release */,
			);
			defaultConfigurationIsVisible = 0;
			defaultConfigurationName = Release;
		};
		5540AB5B21ECBFDC00A1A533 /* Build configuration list for PBXNativeTarget "MediaMetadataSDK" */ = {
			isa = XCConfigurationList;
			buildConfigurations = (
				5540AB5C21ECBFDC00A1A533 /* Debug */,
				5540AB5D21ECBFDC00A1A533 /* Release */,
			);
			defaultConfigurationIsVisible = 0;
			defaultConfigurationName = Release;
		};
		5540AB5F21ECBFDC00A1A533 /* Build configuration list for PBXNativeTarget "MediaMetadataSDKTests" */ = {
			isa = XCConfigurationList;
			buildConfigurations = (
				5540AB6021ECBFDC00A1A533 /* Debug */,
				5540AB6121ECBFDC00A1A533 /* Release */,
			);
			defaultConfigurationIsVisible = 0;
			defaultConfigurationName = Release;
		};
/* End XCConfigurationList section */
	};
	rootObject = 5540AAAE21E1C6E000A1A533 /* Project object */;
}
